
Microsoft Visual Studio Solution File, Format Version 11.00
# Visual Studio 2010
Project("{FAE04EC0-301F-11D3-BF4B-00C04F79EFBC}") = "Assembly-CSharp", "Assembly-CSharp.csproj", "{ECD447D0-0C88-AA94-4D7B-A6526F985450}"
EndProject
Project("{FAE04EC0-301F-11D3-BF4B-00C04F79EFBC}") = "Assembly-CSharp-Editor", "Assembly-CSharp-Editor.csproj", "{DE9B5F7D-CC3F-E356-21CC-1110261EFBB4}"
EndProject
Global
	GlobalSection(SolutionConfigurationPlatforms) = preSolution
		Debug|Any CPU = Debug|Any CPU
		Release|Any CPU = Release|Any CPU
	EndGlobalSection
	GlobalSection(ProjectConfigurationPlatforms) = postSolution
		{ECD447D0-0C88-AA94-4D7B-A6526F985450}.Debug|Any CPU.ActiveCfg = Debug|Any CPU
		{ECD447D0-0C88-AA94-4D7B-A6526F985450}.Debug|Any CPU.Build.0 = Debug|Any CPU
		{ECD447D0-0C88-AA94-4D7B-A6526F985450}.Release|Any CPU.ActiveCfg = Release|Any CPU
		{ECD447D0-0C88-AA94-4D7B-A6526F985450}.Release|Any CPU.Build.0 = Release|Any CPU
		{DE9B5F7D-CC3F-E356-21CC-1110261EFBB4}.Debug|Any CPU.ActiveCfg = Debug|Any CPU
		{DE9B5F7D-CC3F-E356-21CC-1110261EFBB4}.Debug|Any CPU.Build.0 = Debug|Any CPU
		{DE9B5F7D-CC3F-E356-21CC-1110261EFBB4}.Release|Any CPU.ActiveCfg = Release|Any CPU
		{DE9B5F7D-CC3F-E356-21CC-1110261EFBB4}.Release|Any CPU.Build.0 = Release|Any CPU
	EndGlobalSection
	GlobalSection(SolutionProperties) = preSolution
		HideSolutionNode = FALSE
	EndGlobalSection
	GlobalSection(MonoDevelopProperties) = preSolution
		StartupItem = Assembly-CSharp.csproj
	EndGlobalSection
EndGlobal
